
Microsoft Visual Studio Solution File, Format Version 12.00
# Visual Studio Version 17
VisualStudioVersion = 17.4.33213.308
MinimumVisualStudioVersion = 10.0.40219.1
Project("{888888A0-9F3D-457C-B088-3A5042F75D52}") = "Bellman-Ford", "Bellman-Ford\Bellman-Ford.pyproj", "{F0364DF9-6958-43C3-AE8E-34A6D4786940}"
EndProject
Global
	GlobalSection(SolutionConfigurationPlatforms) = preSolution
		Debug|Any CPU = Debug|Any CPU
		Release|Any CPU = Release|Any CPU
	EndGlobalSection
	GlobalSection(ProjectConfigurationPlatforms) = postSolution
		{F0364DF9-6958-43C3-AE8E-34A6D4786940}.Debug|Any CPU.ActiveCfg = Debug|Any CPU
		{F0364DF9-6958-43C3-AE8E-34A6D4786940}.Release|Any CPU.ActiveCfg = Release|Any CPU
	EndGlobalSection
	GlobalSection(SolutionProperties) = preSolution
		HideSolutionNode = FALSE
	EndGlobalSection
	GlobalSection(ExtensibilityGlobals) = postSolution
		SolutionGuid = {A4E8FAFF-1DBF-4B8B-A658-59BCF87D34C5}
	EndGlobalSection
EndGlobal
